
Microsoft Visual Studio Solution File, Format Version 12.00
# Visual Studio Version 16
VisualStudioVersion = 16.0.30611.23
MinimumVisualStudioVersion = 10.0.40219.1
Project("{FAE04EC0-301F-11D3-BF4B-00C04F79EFBC}") = "NETDD", "NETDD\NETDD.csproj", "{475E0662-23E6-425F-AFDE-4DC48D6AD01B}"
EndProject
Project("{FAE04EC0-301F-11D3-BF4B-00C04F79EFBC}") = "DAL", "DAL\DAL.csproj", "{63A30996-F181-4FE3-A847-88A30A28FD0A}"
EndProject
Global
	GlobalSection(SolutionConfigurationPlatforms) = preSolution
		Debug|Any CPU = Debug|Any CPU
		Release|Any CPU = Release|Any CPU
	EndGlobalSection
	GlobalSection(ProjectConfigurationPlatforms) = postSolution
		{475E0662-23E6-425F-AFDE-4DC48D6AD01B}.Debug|Any CPU.ActiveCfg = Debug|Any CPU
		{475E0662-23E6-425F-AFDE-4DC48D6AD01B}.Debug|Any CPU.Build.0 = Debug|Any CPU
		{475E0662-23E6-425F-AFDE-4DC48D6AD01B}.Release|Any CPU.ActiveCfg = Release|Any CPU
		{475E0662-23E6-425F-AFDE-4DC48D6AD01B}.Release|Any CPU.Build.0 = Release|Any CPU
		{63A30996-F181-4FE3-A847-88A30A28FD0A}.Debug|Any CPU.ActiveCfg = Debug|Any CPU
		{63A30996-F181-4FE3-A847-88A30A28FD0A}.Debug|Any CPU.Build.0 = Debug|Any CPU
		{63A30996-F181-4FE3-A847-88A30A28FD0A}.Release|Any CPU.ActiveCfg = Release|Any CPU
		{63A30996-F181-4FE3-A847-88A30A28FD0A}.Release|Any CPU.Build.0 = Release|Any CPU
	EndGlobalSection
	GlobalSection(SolutionProperties) = preSolution
		HideSolutionNode = FALSE
	EndGlobalSection
	GlobalSection(ExtensibilityGlobals) = postSolution
		SolutionGuid = {ACCE73B4-F53E-4613-AD57-3416C66E584B}
	EndGlobalSection
EndGlobal
